
Microsoft Visual Studio Solution File, Format Version 12.00
# Visual Studio 15
VisualStudioVersion = 15.0.27428.2027
MinimumVisualStudioVersion = 10.0.40219.1
Project("{FAE04EC0-301F-11D3-BF4B-00C04F79EFBC}") = "HitmanSaveSwapper", "HitmanSaveSwapper\HitmanSaveSwapper.csproj", "{77F93A77-7779-4BE0-B902-55C5FDEB040B}"
EndProject
Global
	GlobalSection(SolutionConfigurationPlatforms) = preSolution
		Debug|Any CPU = Debug|Any CPU
		Release|Any CPU = Release|Any CPU
	EndGlobalSection
	GlobalSection(ProjectConfigurationPlatforms) = postSolution
		{77F93A77-7779-4BE0-B902-55C5FDEB040B}.Debug|Any CPU.ActiveCfg = Debug|Any CPU
		{77F93A77-7779-4BE0-B902-55C5FDEB040B}.Debug|Any CPU.Build.0 = Debug|Any CPU
		{77F93A77-7779-4BE0-B902-55C5FDEB040B}.Release|Any CPU.ActiveCfg = Release|Any CPU
		{77F93A77-7779-4BE0-B902-55C5FDEB040B}.Release|Any CPU.Build.0 = Release|Any CPU
	EndGlobalSection
	GlobalSection(SolutionProperties) = preSolution
		HideSolutionNode = FALSE
	EndGlobalSection
	GlobalSection(ExtensibilityGlobals) = postSolution
		SolutionGuid = {F0722DDE-6EE3-4D29-B6A2-92F190A84E73}
	EndGlobalSection
EndGlobal
